
Microsoft Visual Studio Solution File, Format Version 12.00
# Visual Studio 15
VisualStudioVersion = 15.0.26730.16
MinimumVisualStudioVersion = 10.0.40219.1
Project("{FAE04EC0-301F-11D3-BF4B-00C04F79EFBC}") = "TestLauncher", "TestLauncher\TestLauncher.csproj", "{9638DAA8-6016-47C9-935A-102E611E33CB}"
	ProjectSection(ProjectDependencies) = postProject
		{8B34FFDB-8810-4369-9918-B9EADACBB760} = {8B34FFDB-8810-4369-9918-B9EADACBB760}
	EndProjectSection
EndProject
Project("{FAE04EC0-301F-11D3-BF4B-00C04F79EFBC}") = "ProgressionCore", "ProgressionCore\ProgressionCore.csproj", "{7A0311E6-40F8-4E36-ADFA-C23DFC1BF491}"
EndProject
Project("{FAE04EC0-301F-11D3-BF4B-00C04F79EFBC}") = "ProgressionCoreTest", "ProgressionCoreTest\ProgressionCoreTest.csproj", "{5C03C3B4-9363-4270-B6BD-43538D40C7FB}"
EndProject
Project("{FAE04EC0-301F-11D3-BF4B-00C04F79EFBC}") = "NativeTerminalLauncher", "NativeTerminalLauncher\NativeTerminalLauncher.csproj", "{2E5CBDB3-04D9-4956-BAB0-860C0D61E2FE}"
EndProject
Project("{FAE04EC0-301F-11D3-BF4B-00C04F79EFBC}") = "TerminalRenderer", "TerminalRenderer\TerminalRenderer.csproj", "{749933BF-4F38-425A-B9ED-EFAC30C46A87}"
EndProject
Project("{FAE04EC0-301F-11D3-BF4B-00C04F79EFBC}") = "TestEnvironment", "TestEnvironment\TestEnvironment.csproj", "{610A364F-87D0-45E7-94EB-F4623AB0C373}"
EndProject
Project("{FAE04EC0-301F-11D3-BF4B-00C04F79EFBC}") = "ResourceManager", "ResourceManager\ResourceManager.csproj", "{05E278AE-1235-4993-9F1D-D9D84A1D85C7}"
EndProject
Project("{FAE04EC0-301F-11D3-BF4B-00C04F79EFBC}") = "ProgressionUtil", "ProgressionUtil\ProgressionUtil.csproj", "{BF8E1E3F-8E30-4496-B69C-2E07036C4E67}"
EndProject
Project("{FAE04EC0-301F-11D3-BF4B-00C04F79EFBC}") = "YamlSupport", "YamlSupport\YamlSupport.csproj", "{8B34FFDB-8810-4369-9918-B9EADACBB760}"
EndProject
Project("{00000000-0000-0000-0000-000000000000}") = "UnityTestRenderer", "UnityTestRenderer\Assembly-CSharp.csproj", "{957D0551-F09D-A940-ED89-7167706A19F2}"
EndProject
Project("{FAE04EC0-301F-11D3-BF4B-00C04F79EFBC}") = "ProgressionUI", "ProgressionUI\ProgressionUI.csproj", "{84925E74-B8B2-45CB-9D21-91331330EA0F}"
EndProject
Project("{FAE04EC0-301F-11D3-BF4B-00C04F79EFBC}") = "Networking", "Networking\Networking.csproj", "{DB4BC21B-896E-4D8B-A97A-1365E8E4D4C9}"
EndProject
Project("{FAE04EC0-301F-11D3-BF4B-00C04F79EFBC}") = "NetworkingTest", "NetworkingTest\NetworkingTest.csproj", "{8CC1D2A9-C9ED-4A89-8F7F-DD0E977A634C}"
EndProject
Global
	GlobalSection(SolutionConfigurationPlatforms) = preSolution
		Debug|Any CPU = Debug|Any CPU
		Debug|x64 = Debug|x64
		Debug|x86 = Debug|x86
		Release|Any CPU = Release|Any CPU
		Release|x64 = Release|x64
		Release|x86 = Release|x86
	EndGlobalSection
	GlobalSection(ProjectConfigurationPlatforms) = postSolution
		{9638DAA8-6016-47C9-935A-102E611E33CB}.Debug|Any CPU.ActiveCfg = Debug|Any CPU
		{9638DAA8-6016-47C9-935A-102E611E33CB}.Debug|Any CPU.Build.0 = Debug|Any CPU
		{9638DAA8-6016-47C9-935A-102E611E33CB}.Debug|x64.ActiveCfg = Debug|x64
		{9638DAA8-6016-47C9-935A-102E611E33CB}.Debug|x64.Build.0 = Debug|x64
		{9638DAA8-6016-47C9-935A-102E611E33CB}.Debug|x86.ActiveCfg = Debug|x86
		{9638DAA8-6016-47C9-935A-102E611E33CB}.Debug|x86.Build.0 = Debug|x86
		{9638DAA8-6016-47C9-935A-102E611E33CB}.Release|Any CPU.ActiveCfg = Release|Any CPU
		{9638DAA8-6016-47C9-935A-102E611E33CB}.Release|Any CPU.Build.0 = Release|Any CPU
		{9638DAA8-6016-47C9-935A-102E611E33CB}.Release|x64.ActiveCfg = Release|x64
		{9638DAA8-6016-47C9-935A-102E611E33CB}.Release|x64.Build.0 = Release|x64
		{9638DAA8-6016-47C9-935A-102E611E33CB}.Release|x86.ActiveCfg = Release|x86
		{9638DAA8-6016-47C9-935A-102E611E33CB}.Release|x86.Build.0 = Release|x86
		{7A0311E6-40F8-4E36-ADFA-C23DFC1BF491}.Debug|Any CPU.ActiveCfg = Debug|Any CPU
		{7A0311E6-40F8-4E36-ADFA-C23DFC1BF491}.Debug|Any CPU.Build.0 = Debug|Any CPU
		{7A0311E6-40F8-4E36-ADFA-C23DFC1BF491}.Debug|x64.ActiveCfg = Debug|x64
		{7A0311E6-40F8-4E36-ADFA-C23DFC1BF491}.Debug|x64.Build.0 = Debug|x64
		{7A0311E6-40F8-4E36-ADFA-C23DFC1BF491}.Debug|x86.ActiveCfg = Debug|x86
		{7A0311E6-40F8-4E36-ADFA-C23DFC1BF491}.Debug|x86.Build.0 = Debug|x86
		{7A0311E6-40F8-4E36-ADFA-C23DFC1BF491}.Release|Any CPU.ActiveCfg = Release|Any CPU
		{7A0311E6-40F8-4E36-ADFA-C23DFC1BF491}.Release|Any CPU.Build.0 = Release|Any CPU
		{7A0311E6-40F8-4E36-ADFA-C23DFC1BF491}.Release|x64.ActiveCfg = Release|x64
		{7A0311E6-40F8-4E36-ADFA-C23DFC1BF491}.Release|x64.Build.0 = Release|x64
		{7A0311E6-40F8-4E36-ADFA-C23DFC1BF491}.Release|x86.ActiveCfg = Release|x86
		{7A0311E6-40F8-4E36-ADFA-C23DFC1BF491}.Release|x86.Build.0 = Release|x86
		{5C03C3B4-9363-4270-B6BD-43538D40C7FB}.Debug|Any CPU.ActiveCfg = Debug|Any CPU
		{5C03C3B4-9363-4270-B6BD-43538D40C7FB}.Debug|Any CPU.Build.0 = Debug|Any CPU
		{5C03C3B4-9363-4270-B6BD-43538D40C7FB}.Debug|x64.ActiveCfg = Debug|Any CPU
		{5C03C3B4-9363-4270-B6BD-43538D40C7FB}.Debug|x64.Build.0 = Debug|Any CPU
		{5C03C3B4-9363-4270-B6BD-43538D40C7FB}.Debug|x86.ActiveCfg = Debug|Any CPU
		{5C03C3B4-9363-4270-B6BD-43538D40C7FB}.Debug|x86.Build.0 = Debug|Any CPU
		{5C03C3B4-9363-4270-B6BD-43538D40C7FB}.Release|Any CPU.ActiveCfg = Release|Any CPU
		{5C03C3B4-9363-4270-B6BD-43538D40C7FB}.Release|Any CPU.Build.0 = Release|Any CPU
		{5C03C3B4-9363-4270-B6BD-43538D40C7FB}.Release|x64.ActiveCfg = Release|Any CPU
		{5C03C3B4-9363-4270-B6BD-43538D40C7FB}.Release|x64.Build.0 = Release|Any CPU
		{5C03C3B4-9363-4270-B6BD-43538D40C7FB}.Release|x86.ActiveCfg = Release|Any CPU
		{5C03C3B4-9363-4270-B6BD-43538D40C7FB}.Release|x86.Build.0 = Release|Any CPU
		{2E5CBDB3-04D9-4956-BAB0-860C0D61E2FE}.Debug|Any CPU.ActiveCfg = Debug|Any CPU
		{2E5CBDB3-04D9-4956-BAB0-860C0D61E2FE}.Debug|Any CPU.Build.0 = Debug|Any CPU
		{2E5CBDB3-04D9-4956-BAB0-860C0D61E2FE}.Debug|x64.ActiveCfg = Debug|Any CPU
		{2E5CBDB3-04D9-4956-BAB0-860C0D61E2FE}.Debug|x64.Build.0 = Debug|Any CPU
		{2E5CBDB3-04D9-4956-BAB0-860C0D61E2FE}.Debug|x86.ActiveCfg = Debug|Any CPU
		{2E5CBDB3-04D9-4956-BAB0-860C0D61E2FE}.Debug|x86.Build.0 = Debug|Any CPU
		{2E5CBDB3-04D9-4956-BAB0-860C0D61E2FE}.Release|Any CPU.ActiveCfg = Release|Any CPU
		{2E5CBDB3-04D9-4956-BAB0-860C0D61E2FE}.Release|Any CPU.Build.0 = Release|Any CPU
		{2E5CBDB3-04D9-4956-BAB0-860C0D61E2FE}.Release|x64.ActiveCfg = Release|Any CPU
		{2E5CBDB3-04D9-4956-BAB0-860C0D61E2FE}.Release|x64.Build.0 = Release|Any CPU
		{2E5CBDB3-04D9-4956-BAB0-860C0D61E2FE}.Release|x86.ActiveCfg = Release|Any CPU
		{2E5CBDB3-04D9-4956-BAB0-860C0D61E2FE}.Release|x86.Build.0 = Release|Any CPU
		{749933BF-4F38-425A-B9ED-EFAC30C46A87}.Debug|Any CPU.ActiveCfg = Debug|Any CPU
		{749933BF-4F38-425A-B9ED-EFAC30C46A87}.Debug|Any CPU.Build.0 = Debug|Any CPU
		{749933BF-4F38-425A-B9ED-EFAC30C46A87}.Debug|x64.ActiveCfg = Debug|Any CPU
		{749933BF-4F38-425A-B9ED-EFAC30C46A87}.Debug|x64.Build.0 = Debug|Any CPU
		{749933BF-4F38-425A-B9ED-EFAC30C46A87}.Debug|x86.ActiveCfg = Debug|Any CPU
		{749933BF-4F38-425A-B9ED-EFAC30C46A87}.Debug|x86.Build.0 = Debug|Any CPU
		{749933BF-4F38-425A-B9ED-EFAC30C46A87}.Release|Any CPU.ActiveCfg = Release|Any CPU
		{749933BF-4F38-425A-B9ED-EFAC30C46A87}.Release|Any CPU.Build.0 = Release|Any CPU
		{749933BF-4F38-425A-B9ED-EFAC30C46A87}.Release|x64.ActiveCfg = Release|Any CPU
		{749933BF-4F38-425A-B9ED-EFAC30C46A87}.Release|x64.Build.0 = Release|Any CPU
		{749933BF-4F38-425A-B9ED-EFAC30C46A87}.Release|x86.ActiveCfg = Release|Any CPU
		{749933BF-4F38-425A-B9ED-EFAC30C46A87}.Release|x86.Build.0 = Release|Any CPU
		{610A364F-87D0-45E7-94EB-F4623AB0C373}.Debug|Any CPU.ActiveCfg = Debug|Any CPU
		{610A364F-87D0-45E7-94EB-F4623AB0C373}.Debug|Any CPU.Build.0 = Debug|Any CPU
		{610A364F-87D0-45E7-94EB-F4623AB0C373}.Debug|x64.ActiveCfg = Debug|Any CPU
		{610A364F-87D0-45E7-94EB-F4623AB0C373}.Debug|x64.Build.0 = Debug|Any CPU
		{610A364F-87D0-45E7-94EB-F4623AB0C373}.Debug|x86.ActiveCfg = Debug|Any CPU
		{610A364F-87D0-45E7-94EB-F4623AB0C373}.Debug|x86.Build.0 = Debug|Any CPU
		{610A364F-87D0-45E7-94EB-F4623AB0C373}.Release|Any CPU.ActiveCfg = Release|Any CPU
		{610A364F-87D0-45E7-94EB-F4623AB0C373}.Release|Any CPU.Build.0 = Release|Any CPU
		{610A364F-87D0-45E7-94EB-F4623AB0C373}.Release|x64.ActiveCfg = Release|Any CPU
		{610A364F-87D0-45E7-94EB-F4623AB0C373}.Release|x64.Build.0 = Release|Any CPU
		{610A364F-87D0-45E7-94EB-F4623AB0C373}.Release|x86.ActiveCfg = Release|Any CPU
		{610A364F-87D0-45E7-94EB-F4623AB0C373}.Release|x86.Build.0 = Release|Any CPU
		{05E278AE-1235-4993-9F1D-D9D84A1D85C7}.Debug|Any CPU.ActiveCfg = Debug|Any CPU
		{05E278AE-1235-4993-9F1D-D9D84A1D85C7}.Debug|Any CPU.Build.0 = Debug|Any CPU
		{05E278AE-1235-4993-9F1D-D9D84A1D85C7}.Debug|x64.ActiveCfg = Debug|Any CPU
		{05E278AE-1235-4993-9F1D-D9D84A1D85C7}.Debug|x64.Build.0 = Debug|Any CPU
		{05E278AE-1235-4993-9F1D-D9D84A1D85C7}.Debug|x86.ActiveCfg = Debug|Any CPU
		{05E278AE-1235-4993-9F1D-D9D84A1D85C7}.Debug|x86.Build.0 = Debug|Any CPU
		{05E278AE-1235-4993-9F1D-D9D84A1D85C7}.Release|Any CPU.ActiveCfg = Release|Any CPU
		{05E278AE-1235-4993-9F1D-D9D84A1D85C7}.Release|Any CPU.Build.0 = Release|Any CPU
		{05E278AE-1235-4993-9F1D-D9D84A1D85C7}.Release|x64.ActiveCfg = Release|Any CPU
		{05E278AE-1235-4993-9F1D-D9D84A1D85C7}.Release|x64.Build.0 = Release|Any CPU
		{05E278AE-1235-4993-9F1D-D9D84A1D85C7}.Release|x86.ActiveCfg = Release|Any CPU
		{05E278AE-1235-4993-9F1D-D9D84A1D85C7}.Release|x86.Build.0 = Release|Any CPU
		{BF8E1E3F-8E30-4496-B69C-2E07036C4E67}.Debug|Any CPU.ActiveCfg = Debug|Any CPU
		{BF8E1E3F-8E30-4496-B69C-2E07036C4E67}.Debug|Any CPU.Build.0 = Debug|Any CPU
		{BF8E1E3F-8E30-4496-B69C-2E07036C4E67}.Debug|x64.ActiveCfg = Debug|Any CPU
		{BF8E1E3F-8E30-4496-B69C-2E07036C4E67}.Debug|x64.Build.0 = Debug|Any CPU
		{BF8E1E3F-8E30-4496-B69C-2E07036C4E67}.Debug|x86.ActiveCfg = Debug|Any CPU
		{BF8E1E3F-8E30-4496-B69C-2E07036C4E67}.Debug|x86.Build.0 = Debug|Any CPU
		{BF8E1E3F-8E30-4496-B69C-2E07036C4E67}.Release|Any CPU.ActiveCfg = Release|Any CPU
		{BF8E1E3F-8E30-4496-B69C-2E07036C4E67}.Release|Any CPU.Build.0 = Release|Any CPU
		{BF8E1E3F-8E30-4496-B69C-2E07036C4E67}.Release|x64.ActiveCfg = Release|Any CPU
		{BF8E1E3F-8E30-4496-B69C-2E07036C4E67}.Release|x64.Build.0 = Release|Any CPU
		{BF8E1E3F-8E30-4496-B69C-2E07036C4E67}.Release|x86.ActiveCfg = Release|Any CPU
		{BF8E1E3F-8E30-4496-B69C-2E07036C4E67}.Release|x86.Build.0 = Release|Any CPU
		{8B34FFDB-8810-4369-9918-B9EADACBB760}.Debug|Any CPU.ActiveCfg = Debug|Any CPU
		{8B34FFDB-8810-4369-9918-B9EADACBB760}.Debug|Any CPU.Build.0 = Debug|Any CPU
		{8B34FFDB-8810-4369-9918-B9EADACBB760}.Debug|x64.ActiveCfg = Debug|Any CPU
		{8B34FFDB-8810-4369-9918-B9EADACBB760}.Debug|x64.Build.0 = Debug|Any CPU
		{8B34FFDB-8810-4369-9918-B9EADACBB760}.Debug|x86.ActiveCfg = Debug|Any CPU
		{8B34FFDB-8810-4369-9918-B9EADACBB760}.Debug|x86.Build.0 = Debug|Any CPU
		{8B34FFDB-8810-4369-9918-B9EADACBB760}.Release|Any CPU.ActiveCfg = Release|Any CPU
		{8B34FFDB-8810-4369-9918-B9EADACBB760}.Release|Any CPU.Build.0 = Release|Any CPU
		{8B34FFDB-8810-4369-9918-B9EADACBB760}.Release|x64.ActiveCfg = Release|Any CPU
		{8B34FFDB-8810-4369-9918-B9EADACBB760}.Release|x64.Build.0 = Release|Any CPU
		{8B34FFDB-8810-4369-9918-B9EADACBB760}.Release|x86.ActiveCfg = Release|Any CPU
		{8B34FFDB-8810-4369-9918-B9EADACBB760}.Release|x86.Build.0 = Release|Any CPU
		{FAE04EC0-301F-11D3-BF4B-00C04F79EFBC}.Debug|Any CPU.ActiveCfg = Debug|Any CPU
		{FAE04EC0-301F-11D3-BF4B-00C04F79EFBC}.Debug|Any CPU.Build.0 = Debug|Any CPU
		{FAE04EC0-301F-11D3-BF4B-00C04F79EFBC}.Release|Any CPU.ActiveCfg = Release|Any CPU
		{FAE04EC0-301F-11D3-BF4B-00C04F79EFBC}.Release|Any CPU.Build.0 = Release|Any CPU
		{84925E74-B8B2-45CB-9D21-91331330EA0F}.Debug|Any CPU.ActiveCfg = Debug|Any CPU
		{84925E74-B8B2-45CB-9D21-91331330EA0F}.Debug|Any CPU.Build.0 = Debug|Any CPU
		{84925E74-B8B2-45CB-9D21-91331330EA0F}.Debug|x64.ActiveCfg = Debug|Any CPU
		{84925E74-B8B2-45CB-9D21-91331330EA0F}.Debug|x64.Build.0 = Debug|Any CPU
		{84925E74-B8B2-45CB-9D21-91331330EA0F}.Debug|x86.ActiveCfg = Debug|Any CPU
		{84925E74-B8B2-45CB-9D21-91331330EA0F}.Debug|x86.Build.0 = Debug|Any CPU
		{84925E74-B8B2-45CB-9D21-91331330EA0F}.Release|Any CPU.ActiveCfg = Release|Any CPU
		{84925E74-B8B2-45CB-9D21-91331330EA0F}.Release|Any CPU.Build.0 = Release|Any CPU
		{84925E74-B8B2-45CB-9D21-91331330EA0F}.Release|x64.ActiveCfg = Release|Any CPU
		{84925E74-B8B2-45CB-9D21-91331330EA0F}.Release|x64.Build.0 = Release|Any CPU
		{84925E74-B8B2-45CB-9D21-91331330EA0F}.Release|x86.ActiveCfg = Release|Any CPU
		{84925E74-B8B2-45CB-9D21-91331330EA0F}.Release|x86.Build.0 = Release|Any CPU
		{DB4BC21B-896E-4D8B-A97A-1365E8E4D4C9}.Debug|Any CPU.ActiveCfg = Debug|Any CPU
		{DB4BC21B-896E-4D8B-A97A-1365E8E4D4C9}.Debug|Any CPU.Build.0 = Debug|Any CPU
		{DB4BC21B-896E-4D8B-A97A-1365E8E4D4C9}.Debug|x64.ActiveCfg = Debug|Any CPU
		{DB4BC21B-896E-4D8B-A97A-1365E8E4D4C9}.Debug|x64.Build.0 = Debug|Any CPU
		{DB4BC21B-896E-4D8B-A97A-1365E8E4D4C9}.Debug|x86.ActiveCfg = Debug|Any CPU
		{DB4BC21B-896E-4D8B-A97A-1365E8E4D4C9}.Debug|x86.Build.0 = Debug|Any CPU
		{DB4BC21B-896E-4D8B-A97A-1365E8E4D4C9}.Release|Any CPU.ActiveCfg = Release|Any CPU
		{DB4BC21B-896E-4D8B-A97A-1365E8E4D4C9}.Release|Any CPU.Build.0 = Release|Any CPU
		{DB4BC21B-896E-4D8B-A97A-1365E8E4D4C9}.Release|x64.ActiveCfg = Release|Any CPU
		{DB4BC21B-896E-4D8B-A97A-1365E8E4D4C9}.Release|x64.Build.0 = Release|Any CPU
		{DB4BC21B-896E-4D8B-A97A-1365E8E4D4C9}.Release|x86.ActiveCfg = Release|Any CPU
		{DB4BC21B-896E-4D8B-A97A-1365E8E4D4C9}.Release|x86.Build.0 = Release|Any CPU
		{8CC1D2A9-C9ED-4A89-8F7F-DD0E977A634C}.Debug|Any CPU.ActiveCfg = Debug|Any CPU
		{8CC1D2A9-C9ED-4A89-8F7F-DD0E977A634C}.Debug|Any CPU.Build.0 = Debug|Any CPU
		{8CC1D2A9-C9ED-4A89-8F7F-DD0E977A634C}.Debug|x64.ActiveCfg = Debug|Any CPU
		{8CC1D2A9-C9ED-4A89-8F7F-DD0E977A634C}.Debug|x64.Build.0 = Debug|Any CPU
		{8CC1D2A9-C9ED-4A89-8F7F-DD0E977A634C}.Debug|x86.ActiveCfg = Debug|Any CPU
		{8CC1D2A9-C9ED-4A89-8F7F-DD0E977A634C}.Debug|x86.Build.0 = Debug|Any CPU
		{8CC1D2A9-C9ED-4A89-8F7F-DD0E977A634C}.Release|Any CPU.ActiveCfg = Release|Any CPU
		{8CC1D2A9-C9ED-4A89-8F7F-DD0E977A634C}.Release|Any CPU.Build.0 = Release|Any CPU
		{8CC1D2A9-C9ED-4A89-8F7F-DD0E977A634C}.Release|x64.ActiveCfg = Release|Any CPU
		{8CC1D2A9-C9ED-4A89-8F7F-DD0E977A634C}.Release|x64.Build.0 = Release|Any CPU
		{8CC1D2A9-C9ED-4A89-8F7F-DD0E977A634C}.Release|x86.ActiveCfg = Release|Any CPU
		{8CC1D2A9-C9ED-4A89-8F7F-DD0E977A634C}.Release|x86.Build.0 = Release|Any CPU
	EndGlobalSection
	GlobalSection(SolutionProperties) = preSolution
		HideSolutionNode = FALSE
	EndGlobalSection
	GlobalSection(ExtensibilityGlobals) = postSolution
		SolutionGuid = {6A649C47-16EA-44CE-B026-01224C38A782}
	EndGlobalSection
EndGlobal
